
Microsoft Visual Studio Solution File, Format Version 12.00
# Visual Studio Version 17
VisualStudioVersion = 17.9.34723.18
MinimumVisualStudioVersion = 10.0.40219.1
Project("{FAE04EC0-301F-11D3-BF4B-00C04F79EFBC}") = "SaxonHE12ApiTest2024032701", "SaxonHE12ApiTest2024032701.csproj", "{7B3C156C-4711-4E2A-B3FC-03688200C0EF}"
EndProject
Global
	GlobalSection(SolutionConfigurationPlatforms) = preSolution
		Debug|Any CPU = Debug|Any CPU
		Release|Any CPU = Release|Any CPU
	EndGlobalSection
	GlobalSection(ProjectConfigurationPlatforms) = postSolution
		{7B3C156C-4711-4E2A-B3FC-03688200C0EF}.Debug|Any CPU.ActiveCfg = Debug|Any CPU
		{7B3C156C-4711-4E2A-B3FC-03688200C0EF}.Debug|Any CPU.Build.0 = Debug|Any CPU
		{7B3C156C-4711-4E2A-B3FC-03688200C0EF}.Release|Any CPU.ActiveCfg = Release|Any CPU
		{7B3C156C-4711-4E2A-B3FC-03688200C0EF}.Release|Any CPU.Build.0 = Release|Any CPU
	EndGlobalSection
	GlobalSection(SolutionProperties) = preSolution
		HideSolutionNode = FALSE
	EndGlobalSection
	GlobalSection(ExtensibilityGlobals) = postSolution
		SolutionGuid = {20D85AAA-5290-4B8C-A34B-F93E5BDAA090}
	EndGlobalSection
EndGlobal
